
Microsoft Visual Studio Solution File, Format Version 11.00
# Visual Studio 2010
Project("{FAE04EC0-301F-11D3-BF4B-00C04F79EFBC}") = "MonoCrossTestFlightLogger", "MonoCrossTestFlightLogger.csproj", "{FC92BCA6-C3B7-47E1-B1A8-9345D4C1DF12}"
EndProject
Global
	GlobalSection(SolutionConfigurationPlatforms) = preSolution
		Debug|Any CPU = Debug|Any CPU
		Release|Any CPU = Release|Any CPU
	EndGlobalSection
	GlobalSection(ProjectConfigurationPlatforms) = postSolution
		{FC92BCA6-C3B7-47E1-B1A8-9345D4C1DF12}.Debug|Any CPU.ActiveCfg = Debug|Any CPU
		{FC92BCA6-C3B7-47E1-B1A8-9345D4C1DF12}.Debug|Any CPU.Build.0 = Debug|Any CPU
		{FC92BCA6-C3B7-47E1-B1A8-9345D4C1DF12}.Release|Any CPU.ActiveCfg = Release|Any CPU
		{FC92BCA6-C3B7-47E1-B1A8-9345D4C1DF12}.Release|Any CPU.Build.0 = Release|Any CPU
	EndGlobalSection
	GlobalSection(MonoDevelopProperties) = preSolution
		StartupItem = MonoCrossTestFlightLogger.csproj
	EndGlobalSection
EndGlobal
